PODS:
  - PicturePreview (0.1.3):
    - SDWebImage
  - SDWebImage (4.1.2):
    - SDWebImage/Core (= 4.1.2)
  - SDWebImage/Core (4.1.2)

DEPENDENCIES:
  - PicturePreview (from `../`)

EXTERNAL SOURCES:
  PicturePreview:
    :path: "../"

SPEC CHECKSUMS:
  PicturePreview: 560e9383ef9b829b1d2fefe17da683606528b21f
  SDWebImage: cb6f9f266a9977741efcbc21e618e8be3734c774

PODFILE CHECKSUM: 231e571428bbe9ca37b93846fec6e90014f47e2d

COCOAPODS: 1.2.1
